
Microsoft Visual Studio Solution File, Format Version 11.00
# Visual Studio 2010
Project("{FAE04EC0-301F-11D3-BF4B-00C04F79EFBC}") = "Creating Database And Table Using Button", "Creating Database And Table Using Button\Creating Database And Table Using Button.csproj", "{BEBB8283-73DC-4D42-80CD-E47ACD94CAC4}"
EndProject
Global
	GlobalSection(SolutionConfigurationPlatforms) = preSolution
		Debug|x86 = Debug|x86
		Release|x86 = Release|x86
	EndGlobalSection
	GlobalSection(ProjectConfigurationPlatforms) = postSolution
		{BEBB8283-73DC-4D42-80CD-E47ACD94CAC4}.Debug|x86.ActiveCfg = Debug|x86
		{BEBB8283-73DC-4D42-80CD-E47ACD94CAC4}.Debug|x86.Build.0 = Debug|x86
		{BEBB8283-73DC-4D42-80CD-E47ACD94CAC4}.Release|x86.ActiveCfg = Release|x86
		{BEBB8283-73DC-4D42-80CD-E47ACD94CAC4}.Release|x86.Build.0 = Release|x86
	EndGlobalSection
	GlobalSection(SolutionProperties) = preSolution
		HideSolutionNode = FALSE
	EndGlobalSection
EndGlobal
